
Microsoft Visual Studio Solution File, Format Version 12.00
# Visual Studio Version 17
VisualStudioVersion = 17.14.36221.1 d17.14
MinimumVisualStudioVersion = 10.0.40219.1
Project("{FAE04EC0-301F-11D3-BF4B-00C04F79EFBC}") = "EnergyExerciseExample", "EnergyExerciseExample.csproj", "{0C2C6133-D560-4657-8F5A-5F1664F541ED}"
EndProject
Global
	GlobalSection(SolutionConfigurationPlatforms) = preSolution
		Debug|Any CPU = Debug|Any CPU
		Release|Any CPU = Release|Any CPU
	EndGlobalSection
	GlobalSection(ProjectConfigurationPlatforms) = postSolution
		{0C2C6133-D560-4657-8F5A-5F1664F541ED}.Debug|Any CPU.ActiveCfg = Debug|Any CPU
		{0C2C6133-D560-4657-8F5A-5F1664F541ED}.Debug|Any CPU.Build.0 = Debug|Any CPU
		{0C2C6133-D560-4657-8F5A-5F1664F541ED}.Release|Any CPU.ActiveCfg = Release|Any CPU
		{0C2C6133-D560-4657-8F5A-5F1664F541ED}.Release|Any CPU.Build.0 = Release|Any CPU
	EndGlobalSection
	GlobalSection(SolutionProperties) = preSolution
		HideSolutionNode = FALSE
	EndGlobalSection
	GlobalSection(ExtensibilityGlobals) = postSolution
		SolutionGuid = {05F493C7-93FD-4422-9891-0D32B8D28DEB}
	EndGlobalSection
EndGlobal
